
Microsoft Visual Studio Solution File, Format Version 12.00
Project("{2150E333-8FDC-42A3-9474-1A3956D46DE8}") = "Services", "Services", "{7BD64086-A031-4C2A-8D84-9E854C0D3F5A}"
EndProject
Project("{2150E333-8FDC-42A3-9474-1A3956D46DE8}") = "Catalog", "Catalog", "{AFEFA5ED-8E89-4856-B30D-4A79E760CDC1}"
EndProject
Project("{2150E333-8FDC-42A3-9474-1A3956D46DE8}") = "src", "src", "{4F00A4E6-40AB-439D-A101-80A1D2E04501}"
EndProject
Project("{FAE04EC0-301F-11D3-BF4B-00C04F79EFBC}") = "Catalog.Api", "src\Services\Catalog\Catalog.Api\Catalog.Api.csproj", "{7E6CF307-5BA9-4350-8F74-F4E9BAE70EF9}"
EndProject
Project("{2150E333-8FDC-42A3-9474-1A3956D46DE8}") = "Solution Items", "Solution Items", "{68C6AD97-A8FB-4A05-B15C-3F90A25E9082}"
	ProjectSection(SolutionItems) = preProject
		compose.yaml = compose.yaml
		compose.override.yaml = compose.override.yaml
		api.http = api.http
		http-client.env.json = http-client.env.json
	EndProjectSection
EndProject
Project("{2150E333-8FDC-42A3-9474-1A3956D46DE8}") = "BuildingBlocks", "BuildingBlocks", "{E644A084-F889-4719-9302-01E05497C6C4}"
EndProject
Project("{FAE04EC0-301F-11D3-BF4B-00C04F79EFBC}") = "BuildingBlocks", "src\BuildingBlocks\BuildingBlocks\BuildingBlocks.csproj", "{2E2D956D-CA27-40C0-8D63-3A50B4E8B4BF}"
EndProject
Project("{2150E333-8FDC-42A3-9474-1A3956D46DE8}") = "Basket", "Basket", "{F9C00D47-58F8-45EC-A23C-B64FFED1E121}"
EndProject
Project("{FAE04EC0-301F-11D3-BF4B-00C04F79EFBC}") = "Basket.API", "src\Services\Basket\Basket.API\Basket.API.csproj", "{DA679BFC-A9F2-4F71-9E4D-9A4822327EE2}"
EndProject
Project("{FAE04EC0-301F-11D3-BF4B-00C04F79EFBC}") = "Discount.Grpc", "src\Services\Discount.Grpc\Discount.Grpc.csproj", "{10971CFE-B6EA-475D-A97A-5BB0426DC53A}"
EndProject
Project("{FAE04EC0-301F-11D3-BF4B-00C04F79EFBC}") = "Ordering.API", "src\Services\Ordering.API\Ordering.API.csproj", "{29BEE826-7C18-453D-B4F4-4EDD1ADAE862}"
EndProject
Project("{2150E333-8FDC-42A3-9474-1A3956D46DE8}") = "Ordering", "Ordering", "{21EA4AB7-54FC-4BB2-A697-F0CEFF8ABD8C}"
EndProject
Project("{2150E333-8FDC-42A3-9474-1A3956D46DE8}") = "Discount", "Discount", "{2FAC913B-6324-4B3E-931B-D18738861EFD}"
EndProject
Project("{FAE04EC0-301F-11D3-BF4B-00C04F79EFBC}") = "Ordering.Domain", "src\Services\Ordering.Domain\Ordering.Domain.csproj", "{F8CB384D-2EFF-437B-B9BF-E0615C2E2ADB}"
EndProject
Project("{FAE04EC0-301F-11D3-BF4B-00C04F79EFBC}") = "Ordering.Application", "src\Services\Ordering.Application\Ordering.Application.csproj", "{D8FDA54A-8604-496D-9F74-1392DDC5A0B9}"
EndProject
Project("{FAE04EC0-301F-11D3-BF4B-00C04F79EFBC}") = "Ordering.Infrastructure", "src\Services\Ordering.Infrastructure\Ordering.Infrastructure.csproj", "{DC391801-911D-4F27-8F30-C0949E088C96}"
EndProject
Project("{FAE04EC0-301F-11D3-BF4B-00C04F79EFBC}") = "BuildingBlocks.Messaging", "src\BuildingBlocks\BuildingBlocks.Messaging\BuildingBlocks.Messaging.csproj", "{19050D1A-E505-400C-A317-86D486A67819}"
EndProject
Project("{2150E333-8FDC-42A3-9474-1A3956D46DE8}") = "ApiGateways", "ApiGateways", "{FBC1CB31-0888-420D-9293-EB3D12ACC998}"
EndProject
Project("{FAE04EC0-301F-11D3-BF4B-00C04F79EFBC}") = "YarpApiGateway", "src\YarpApiGateway\YarpApiGateway.csproj", "{CC14DC65-D7C2-438F-9B5C-0F546E4D18FD}"
EndProject
Global
	GlobalSection(SolutionConfigurationPlatforms) = preSolution
		Debug|Any CPU = Debug|Any CPU
		Debug|x64 = Debug|x64
		Debug|x86 = Debug|x86
		Release|Any CPU = Release|Any CPU
		Release|x64 = Release|x64
		Release|x86 = Release|x86
	EndGlobalSection
	GlobalSection(ProjectConfigurationPlatforms) = postSolution
		{7E6CF307-5BA9-4350-8F74-F4E9BAE70EF9}.Debug|Any CPU.ActiveCfg = Debug|Any CPU
		{7E6CF307-5BA9-4350-8F74-F4E9BAE70EF9}.Debug|Any CPU.Build.0 = Debug|Any CPU
		{7E6CF307-5BA9-4350-8F74-F4E9BAE70EF9}.Debug|x64.ActiveCfg = Debug|Any CPU
		{7E6CF307-5BA9-4350-8F74-F4E9BAE70EF9}.Debug|x64.Build.0 = Debug|Any CPU
		{7E6CF307-5BA9-4350-8F74-F4E9BAE70EF9}.Debug|x86.ActiveCfg = Debug|Any CPU
		{7E6CF307-5BA9-4350-8F74-F4E9BAE70EF9}.Debug|x86.Build.0 = Debug|Any CPU
		{7E6CF307-5BA9-4350-8F74-F4E9BAE70EF9}.Release|Any CPU.ActiveCfg = Release|Any CPU
		{7E6CF307-5BA9-4350-8F74-F4E9BAE70EF9}.Release|Any CPU.Build.0 = Release|Any CPU
		{7E6CF307-5BA9-4350-8F74-F4E9BAE70EF9}.Release|x64.ActiveCfg = Release|Any CPU
		{7E6CF307-5BA9-4350-8F74-F4E9BAE70EF9}.Release|x64.Build.0 = Release|Any CPU
		{7E6CF307-5BA9-4350-8F74-F4E9BAE70EF9}.Release|x86.ActiveCfg = Release|Any CPU
		{7E6CF307-5BA9-4350-8F74-F4E9BAE70EF9}.Release|x86.Build.0 = Release|Any CPU
		{2E2D956D-CA27-40C0-8D63-3A50B4E8B4BF}.Debug|Any CPU.ActiveCfg = Debug|Any CPU
		{2E2D956D-CA27-40C0-8D63-3A50B4E8B4BF}.Debug|Any CPU.Build.0 = Debug|Any CPU
		{2E2D956D-CA27-40C0-8D63-3A50B4E8B4BF}.Debug|x64.ActiveCfg = Debug|Any CPU
		{2E2D956D-CA27-40C0-8D63-3A50B4E8B4BF}.Debug|x64.Build.0 = Debug|Any CPU
		{2E2D956D-CA27-40C0-8D63-3A50B4E8B4BF}.Debug|x86.ActiveCfg = Debug|Any CPU
		{2E2D956D-CA27-40C0-8D63-3A50B4E8B4BF}.Debug|x86.Build.0 = Debug|Any CPU
		{2E2D956D-CA27-40C0-8D63-3A50B4E8B4BF}.Release|Any CPU.ActiveCfg = Release|Any CPU
		{2E2D956D-CA27-40C0-8D63-3A50B4E8B4BF}.Release|Any CPU.Build.0 = Release|Any CPU
		{2E2D956D-CA27-40C0-8D63-3A50B4E8B4BF}.Release|x64.ActiveCfg = Release|Any CPU
		{2E2D956D-CA27-40C0-8D63-3A50B4E8B4BF}.Release|x64.Build.0 = Release|Any CPU
		{2E2D956D-CA27-40C0-8D63-3A50B4E8B4BF}.Release|x86.ActiveCfg = Release|Any CPU
		{2E2D956D-CA27-40C0-8D63-3A50B4E8B4BF}.Release|x86.Build.0 = Release|Any CPU
		{DA679BFC-A9F2-4F71-9E4D-9A4822327EE2}.Debug|Any CPU.ActiveCfg = Debug|Any CPU
		{DA679BFC-A9F2-4F71-9E4D-9A4822327EE2}.Debug|Any CPU.Build.0 = Debug|Any CPU
		{DA679BFC-A9F2-4F71-9E4D-9A4822327EE2}.Debug|x64.ActiveCfg = Debug|Any CPU
		{DA679BFC-A9F2-4F71-9E4D-9A4822327EE2}.Debug|x64.Build.0 = Debug|Any CPU
		{DA679BFC-A9F2-4F71-9E4D-9A4822327EE2}.Debug|x86.ActiveCfg = Debug|Any CPU
		{DA679BFC-A9F2-4F71-9E4D-9A4822327EE2}.Debug|x86.Build.0 = Debug|Any CPU
		{DA679BFC-A9F2-4F71-9E4D-9A4822327EE2}.Release|Any CPU.ActiveCfg = Release|Any CPU
		{DA679BFC-A9F2-4F71-9E4D-9A4822327EE2}.Release|Any CPU.Build.0 = Release|Any CPU
		{DA679BFC-A9F2-4F71-9E4D-9A4822327EE2}.Release|x64.ActiveCfg = Release|Any CPU
		{DA679BFC-A9F2-4F71-9E4D-9A4822327EE2}.Release|x64.Build.0 = Release|Any CPU
		{DA679BFC-A9F2-4F71-9E4D-9A4822327EE2}.Release|x86.ActiveCfg = Release|Any CPU
		{DA679BFC-A9F2-4F71-9E4D-9A4822327EE2}.Release|x86.Build.0 = Release|Any CPU
		{10971CFE-B6EA-475D-A97A-5BB0426DC53A}.Debug|Any CPU.ActiveCfg = Debug|Any CPU
		{10971CFE-B6EA-475D-A97A-5BB0426DC53A}.Debug|Any CPU.Build.0 = Debug|Any CPU
		{10971CFE-B6EA-475D-A97A-5BB0426DC53A}.Debug|x64.ActiveCfg = Debug|Any CPU
		{10971CFE-B6EA-475D-A97A-5BB0426DC53A}.Debug|x64.Build.0 = Debug|Any CPU
		{10971CFE-B6EA-475D-A97A-5BB0426DC53A}.Debug|x86.ActiveCfg = Debug|Any CPU
		{10971CFE-B6EA-475D-A97A-5BB0426DC53A}.Debug|x86.Build.0 = Debug|Any CPU
		{10971CFE-B6EA-475D-A97A-5BB0426DC53A}.Release|Any CPU.ActiveCfg = Release|Any CPU
		{10971CFE-B6EA-475D-A97A-5BB0426DC53A}.Release|Any CPU.Build.0 = Release|Any CPU
		{10971CFE-B6EA-475D-A97A-5BB0426DC53A}.Release|x64.ActiveCfg = Release|Any CPU
		{10971CFE-B6EA-475D-A97A-5BB0426DC53A}.Release|x64.Build.0 = Release|Any CPU
		{10971CFE-B6EA-475D-A97A-5BB0426DC53A}.Release|x86.ActiveCfg = Release|Any CPU
		{10971CFE-B6EA-475D-A97A-5BB0426DC53A}.Release|x86.Build.0 = Release|Any CPU
		{29BEE826-7C18-453D-B4F4-4EDD1ADAE862}.Debug|Any CPU.ActiveCfg = Debug|Any CPU
		{29BEE826-7C18-453D-B4F4-4EDD1ADAE862}.Debug|Any CPU.Build.0 = Debug|Any CPU
		{29BEE826-7C18-453D-B4F4-4EDD1ADAE862}.Debug|x64.ActiveCfg = Debug|Any CPU
		{29BEE826-7C18-453D-B4F4-4EDD1ADAE862}.Debug|x64.Build.0 = Debug|Any CPU
		{29BEE826-7C18-453D-B4F4-4EDD1ADAE862}.Debug|x86.ActiveCfg = Debug|Any CPU
		{29BEE826-7C18-453D-B4F4-4EDD1ADAE862}.Debug|x86.Build.0 = Debug|Any CPU
		{29BEE826-7C18-453D-B4F4-4EDD1ADAE862}.Release|Any CPU.ActiveCfg = Release|Any CPU
		{29BEE826-7C18-453D-B4F4-4EDD1ADAE862}.Release|Any CPU.Build.0 = Release|Any CPU
		{29BEE826-7C18-453D-B4F4-4EDD1ADAE862}.Release|x64.ActiveCfg = Release|Any CPU
		{29BEE826-7C18-453D-B4F4-4EDD1ADAE862}.Release|x64.Build.0 = Release|Any CPU
		{29BEE826-7C18-453D-B4F4-4EDD1ADAE862}.Release|x86.ActiveCfg = Release|Any CPU
		{29BEE826-7C18-453D-B4F4-4EDD1ADAE862}.Release|x86.Build.0 = Release|Any CPU
		{F8CB384D-2EFF-437B-B9BF-E0615C2E2ADB}.Debug|Any CPU.ActiveCfg = Debug|Any CPU
		{F8CB384D-2EFF-437B-B9BF-E0615C2E2ADB}.Debug|Any CPU.Build.0 = Debug|Any CPU
		{F8CB384D-2EFF-437B-B9BF-E0615C2E2ADB}.Debug|x64.ActiveCfg = Debug|Any CPU
		{F8CB384D-2EFF-437B-B9BF-E0615C2E2ADB}.Debug|x64.Build.0 = Debug|Any CPU
		{F8CB384D-2EFF-437B-B9BF-E0615C2E2ADB}.Debug|x86.ActiveCfg = Debug|Any CPU
		{F8CB384D-2EFF-437B-B9BF-E0615C2E2ADB}.Debug|x86.Build.0 = Debug|Any CPU
		{F8CB384D-2EFF-437B-B9BF-E0615C2E2ADB}.Release|Any CPU.ActiveCfg = Release|Any CPU
		{F8CB384D-2EFF-437B-B9BF-E0615C2E2ADB}.Release|Any CPU.Build.0 = Release|Any CPU
		{F8CB384D-2EFF-437B-B9BF-E0615C2E2ADB}.Release|x64.ActiveCfg = Release|Any CPU
		{F8CB384D-2EFF-437B-B9BF-E0615C2E2ADB}.Release|x64.Build.0 = Release|Any CPU
		{F8CB384D-2EFF-437B-B9BF-E0615C2E2ADB}.Release|x86.ActiveCfg = Release|Any CPU
		{F8CB384D-2EFF-437B-B9BF-E0615C2E2ADB}.Release|x86.Build.0 = Release|Any CPU
		{D8FDA54A-8604-496D-9F74-1392DDC5A0B9}.Debug|Any CPU.ActiveCfg = Debug|Any CPU
		{D8FDA54A-8604-496D-9F74-1392DDC5A0B9}.Debug|Any CPU.Build.0 = Debug|Any CPU
		{D8FDA54A-8604-496D-9F74-1392DDC5A0B9}.Debug|x64.ActiveCfg = Debug|Any CPU
		{D8FDA54A-8604-496D-9F74-1392DDC5A0B9}.Debug|x64.Build.0 = Debug|Any CPU
		{D8FDA54A-8604-496D-9F74-1392DDC5A0B9}.Debug|x86.ActiveCfg = Debug|Any CPU
		{D8FDA54A-8604-496D-9F74-1392DDC5A0B9}.Debug|x86.Build.0 = Debug|Any CPU
		{D8FDA54A-8604-496D-9F74-1392DDC5A0B9}.Release|Any CPU.ActiveCfg = Release|Any CPU
		{D8FDA54A-8604-496D-9F74-1392DDC5A0B9}.Release|Any CPU.Build.0 = Release|Any CPU
		{D8FDA54A-8604-496D-9F74-1392DDC5A0B9}.Release|x64.ActiveCfg = Release|Any CPU
		{D8FDA54A-8604-496D-9F74-1392DDC5A0B9}.Release|x64.Build.0 = Release|Any CPU
		{D8FDA54A-8604-496D-9F74-1392DDC5A0B9}.Release|x86.ActiveCfg = Release|Any CPU
		{D8FDA54A-8604-496D-9F74-1392DDC5A0B9}.Release|x86.Build.0 = Release|Any CPU
		{DC391801-911D-4F27-8F30-C0949E088C96}.Debug|Any CPU.ActiveCfg = Debug|Any CPU
		{DC391801-911D-4F27-8F30-C0949E088C96}.Debug|Any CPU.Build.0 = Debug|Any CPU
		{DC391801-911D-4F27-8F30-C0949E088C96}.Debug|x64.ActiveCfg = Debug|Any CPU
		{DC391801-911D-4F27-8F30-C0949E088C96}.Debug|x64.Build.0 = Debug|Any CPU
		{DC391801-911D-4F27-8F30-C0949E088C96}.Debug|x86.ActiveCfg = Debug|Any CPU
		{DC391801-911D-4F27-8F30-C0949E088C96}.Debug|x86.Build.0 = Debug|Any CPU
		{DC391801-911D-4F27-8F30-C0949E088C96}.Release|Any CPU.ActiveCfg = Release|Any CPU
		{DC391801-911D-4F27-8F30-C0949E088C96}.Release|Any CPU.Build.0 = Release|Any CPU
		{DC391801-911D-4F27-8F30-C0949E088C96}.Release|x64.ActiveCfg = Release|Any CPU
		{DC391801-911D-4F27-8F30-C0949E088C96}.Release|x64.Build.0 = Release|Any CPU
		{DC391801-911D-4F27-8F30-C0949E088C96}.Release|x86.ActiveCfg = Release|Any CPU
		{DC391801-911D-4F27-8F30-C0949E088C96}.Release|x86.Build.0 = Release|Any CPU
		{19050D1A-E505-400C-A317-86D486A67819}.Debug|Any CPU.ActiveCfg = Debug|Any CPU
		{19050D1A-E505-400C-A317-86D486A67819}.Debug|Any CPU.Build.0 = Debug|Any CPU
		{19050D1A-E505-400C-A317-86D486A67819}.Debug|x64.ActiveCfg = Debug|Any CPU
		{19050D1A-E505-400C-A317-86D486A67819}.Debug|x64.Build.0 = Debug|Any CPU
		{19050D1A-E505-400C-A317-86D486A67819}.Debug|x86.ActiveCfg = Debug|Any CPU
		{19050D1A-E505-400C-A317-86D486A67819}.Debug|x86.Build.0 = Debug|Any CPU
		{19050D1A-E505-400C-A317-86D486A67819}.Release|Any CPU.ActiveCfg = Release|Any CPU
		{19050D1A-E505-400C-A317-86D486A67819}.Release|Any CPU.Build.0 = Release|Any CPU
		{19050D1A-E505-400C-A317-86D486A67819}.Release|x64.ActiveCfg = Release|Any CPU
		{19050D1A-E505-400C-A317-86D486A67819}.Release|x64.Build.0 = Release|Any CPU
		{19050D1A-E505-400C-A317-86D486A67819}.Release|x86.ActiveCfg = Release|Any CPU
		{19050D1A-E505-400C-A317-86D486A67819}.Release|x86.Build.0 = Release|Any CPU
		{CC14DC65-D7C2-438F-9B5C-0F546E4D18FD}.Debug|Any CPU.ActiveCfg = Debug|Any CPU
		{CC14DC65-D7C2-438F-9B5C-0F546E4D18FD}.Debug|Any CPU.Build.0 = Debug|Any CPU
		{CC14DC65-D7C2-438F-9B5C-0F546E4D18FD}.Debug|x64.ActiveCfg = Debug|Any CPU
		{CC14DC65-D7C2-438F-9B5C-0F546E4D18FD}.Debug|x64.Build.0 = Debug|Any CPU
		{CC14DC65-D7C2-438F-9B5C-0F546E4D18FD}.Debug|x86.ActiveCfg = Debug|Any CPU
		{CC14DC65-D7C2-438F-9B5C-0F546E4D18FD}.Debug|x86.Build.0 = Debug|Any CPU
		{CC14DC65-D7C2-438F-9B5C-0F546E4D18FD}.Release|Any CPU.ActiveCfg = Release|Any CPU
		{CC14DC65-D7C2-438F-9B5C-0F546E4D18FD}.Release|Any CPU.Build.0 = Release|Any CPU
		{CC14DC65-D7C2-438F-9B5C-0F546E4D18FD}.Release|x64.ActiveCfg = Release|Any CPU
		{CC14DC65-D7C2-438F-9B5C-0F546E4D18FD}.Release|x64.Build.0 = Release|Any CPU
		{CC14DC65-D7C2-438F-9B5C-0F546E4D18FD}.Release|x86.ActiveCfg = Release|Any CPU
		{CC14DC65-D7C2-438F-9B5C-0F546E4D18FD}.Release|x86.Build.0 = Release|Any CPU
	EndGlobalSection
	GlobalSection(SolutionProperties) = preSolution
		HideSolutionNode = FALSE
	EndGlobalSection
	GlobalSection(NestedProjects) = preSolution
		{7BD64086-A031-4C2A-8D84-9E854C0D3F5A} = {4F00A4E6-40AB-439D-A101-80A1D2E04501}
		{AFEFA5ED-8E89-4856-B30D-4A79E760CDC1} = {7BD64086-A031-4C2A-8D84-9E854C0D3F5A}
		{7E6CF307-5BA9-4350-8F74-F4E9BAE70EF9} = {AFEFA5ED-8E89-4856-B30D-4A79E760CDC1}
		{E644A084-F889-4719-9302-01E05497C6C4} = {4F00A4E6-40AB-439D-A101-80A1D2E04501}
		{2E2D956D-CA27-40C0-8D63-3A50B4E8B4BF} = {E644A084-F889-4719-9302-01E05497C6C4}
		{F9C00D47-58F8-45EC-A23C-B64FFED1E121} = {7BD64086-A031-4C2A-8D84-9E854C0D3F5A}
		{DA679BFC-A9F2-4F71-9E4D-9A4822327EE2} = {F9C00D47-58F8-45EC-A23C-B64FFED1E121}
		{21EA4AB7-54FC-4BB2-A697-F0CEFF8ABD8C} = {7BD64086-A031-4C2A-8D84-9E854C0D3F5A}
		{29BEE826-7C18-453D-B4F4-4EDD1ADAE862} = {21EA4AB7-54FC-4BB2-A697-F0CEFF8ABD8C}
		{2FAC913B-6324-4B3E-931B-D18738861EFD} = {7BD64086-A031-4C2A-8D84-9E854C0D3F5A}
		{10971CFE-B6EA-475D-A97A-5BB0426DC53A} = {2FAC913B-6324-4B3E-931B-D18738861EFD}
		{F8CB384D-2EFF-437B-B9BF-E0615C2E2ADB} = {21EA4AB7-54FC-4BB2-A697-F0CEFF8ABD8C}
		{D8FDA54A-8604-496D-9F74-1392DDC5A0B9} = {21EA4AB7-54FC-4BB2-A697-F0CEFF8ABD8C}
		{DC391801-911D-4F27-8F30-C0949E088C96} = {21EA4AB7-54FC-4BB2-A697-F0CEFF8ABD8C}
		{19050D1A-E505-400C-A317-86D486A67819} = {E644A084-F889-4719-9302-01E05497C6C4}
		{FBC1CB31-0888-420D-9293-EB3D12ACC998} = {4F00A4E6-40AB-439D-A101-80A1D2E04501}
		{CC14DC65-D7C2-438F-9B5C-0F546E4D18FD} = {FBC1CB31-0888-420D-9293-EB3D12ACC998}
	EndGlobalSection
EndGlobal
